
Microsoft Visual Studio Solution File, Format Version 12.00
# Visual Studio 15
VisualStudioVersion = 15.0.27703.2035
MinimumVisualStudioVersion = 10.0.40219.1
Project("{8BC9CEB8-8B4A-11D0-8D11-00A0C91BC942}") = "clover", "HRproject\HRproject.vcxproj", "{22AB8D1F-A659-4B27-A92E-8F6BCC2753B6}"
EndProject
Project("{8BC9CEB8-8B4A-11D0-8D11-00A0C91BC942}") = "clover_test", "clover_test\clover_test.vcxproj", "{8AD6E6E1-A189-42AC-BBF5-DE17DC12AAA3}"
EndProject
Global
	GlobalSection(SolutionConfigurationPlatforms) = preSolution
		Debug|x64 = Debug|x64
		Debug|x86 = Debug|x86
		Release|x64 = Release|x64
		Release|x86 = Release|x86
	EndGlobalSection
	GlobalSection(ProjectConfigurationPlatforms) = postSolution
		{22AB8D1F-A659-4B27-A92E-8F6BCC2753B6}.Debug|x64.ActiveCfg = Debug|x64
		{22AB8D1F-A659-4B27-A92E-8F6BCC2753B6}.Debug|x64.Build.0 = Debug|x64
		{22AB8D1F-A659-4B27-A92E-8F6BCC2753B6}.Debug|x86.ActiveCfg = Debug|Win32
		{22AB8D1F-A659-4B27-A92E-8F6BCC2753B6}.Debug|x86.Build.0 = Debug|Win32
		{22AB8D1F-A659-4B27-A92E-8F6BCC2753B6}.Release|x64.ActiveCfg = Release|x64
		{22AB8D1F-A659-4B27-A92E-8F6BCC2753B6}.Release|x64.Build.0 = Release|x64
		{22AB8D1F-A659-4B27-A92E-8F6BCC2753B6}.Release|x86.ActiveCfg = Release|Win32
		{22AB8D1F-A659-4B27-A92E-8F6BCC2753B6}.Release|x86.Build.0 = Release|Win32
		{8AD6E6E1-A189-42AC-BBF5-DE17DC12AAA3}.Debug|x64.ActiveCfg = Debug|x64
		{8AD6E6E1-A189-42AC-BBF5-DE17DC12AAA3}.Debug|x64.Build.0 = Debug|x64
		{8AD6E6E1-A189-42AC-BBF5-DE17DC12AAA3}.Debug|x86.ActiveCfg = Debug|Win32
		{8AD6E6E1-A189-42AC-BBF5-DE17DC12AAA3}.Debug|x86.Build.0 = Debug|Win32
		{8AD6E6E1-A189-42AC-BBF5-DE17DC12AAA3}.Release|x64.ActiveCfg = Release|x64
		{8AD6E6E1-A189-42AC-BBF5-DE17DC12AAA3}.Release|x64.Build.0 = Release|x64
		{8AD6E6E1-A189-42AC-BBF5-DE17DC12AAA3}.Release|x86.ActiveCfg = Release|Win32
		{8AD6E6E1-A189-42AC-BBF5-DE17DC12AAA3}.Release|x86.Build.0 = Release|Win32
	EndGlobalSection
	GlobalSection(SolutionProperties) = preSolution
		HideSolutionNode = FALSE
	EndGlobalSection
	GlobalSection(ExtensibilityGlobals) = postSolution
		SolutionGuid = {6EE7B722-C5AE-4F59-A536-98BB28B96117}
	EndGlobalSection
EndGlobal
